{
  "name": "@example/minimal-ts-monorepo",
  "version": "1.0.0",
  "lockfileVersion": 3,
  "requires": true,
  "packages": {
    "": {
      "name": "@example/minimal-ts-monorepo",
      "version": "1.0.0",
      "license": "ISC",
      "workspaces": [
        "packages/*"
      ],
      "devDependencies": {
        "typescript": "^5.7.3"
      }
    },
    "node_modules/@example/lib1": {
      "resolved": "packages/lib1",
      "link": true
    },
    "node_modules/@example/lib2": {
      "resolved": "packages/lib2",
      "link": true
    },
    "node_modules/typescript": {
      "version": "5.7.3",
      "resolved": "https://registry.npmjs.org/typescript/-/typescript-5.7.3.tgz",
      "integrity": "sha512-84MVSjMEHP+FQRPy3pX9sTVV/INIex71s9TL2Gm5FG/WG1SqXeKyZ0k7/blY/4FdOzI12CBy1vGc4og/eus0fw==",
      "dev": true,
      "license": "Apache-2.0",
      "bin": {
        "tsc": "bin/tsc",
        "tsserver": "bin/tsserver"
      },
      "engines": {
        "node": ">=14.17"
      }
    },
    "packages/lib1": {
      "name": "@example/lib1",
      "version": "1.0.0",
      "license": "ISC"
    },
    "packages/lib2": {
      "name": "@example/lib2",
      "version": "1.0.0",
      "license": "ISC"
    }
  }
}
